# THIS IS AN AUTOGENERATED FILE. DO NOT EDIT THIS FILE DIRECTLY.
# yarn lockfile v1


"@peculiar/asn1-schema@^2.0.12", "@peculiar/asn1-schema@^2.0.26":
  version "2.0.27"
  resolved "https://registry.yarnpkg.com/@peculiar/asn1-schema/-/asn1-schema-2.0.27.tgz#1ee3b2b869ff3200bcc8ec60e6c87bd5a6f03fe0"
  integrity sha512-1tIx7iL3Ma3HtnNS93nB7nhyI0soUJypElj9owd4tpMrRDmeJ8eZubsdq1sb0KSaCs5RqZNoABCP6m5WtnlVhQ==
  dependencies:
    "@types/asn1js" "^2.0.0"
    asn1js "^2.0.26"
    pvtsutils "^1.1.1"
    tslib "^2.0.3"

"@peculiar/json-schema@^1.1.12":
  version "1.1.12"
  resolved "https://registry.yarnpkg.com/@peculiar/json-schema/-/json-schema-1.1.12.tgz#fe61e85259e3b5ba5ad566cb62ca75b3d3cd5339"
  integrity sha512-coUfuoMeIB7B8/NMekxaDzLhaYmp0HZNPEjYRm9goRou8UZIC3z21s0sL9AWoCw4EG876QyO3kYrc61WNF9B/w==
  dependencies:
    tslib "^2.0.0"

"@peculiar/webcrypto@^1.1.1":
  version "1.1.4"
  resolved "https://registry.yarnpkg.com/@peculiar/webcrypto/-/webcrypto-1.1.4.tgz#cbbe2195e5e6f879780bdac9a66bcbaca75c483c"
  integrity sha512-gEVxfbseFDV0Za3AmjTrRB+wigEMOejHDzoo571e8/YWD33Ejmk0XPF3+G+VaN8+5C5IWZx4CPvxQZ7mF2dvNA==
  dependencies:
    "@peculiar/asn1-schema" "^2.0.26"
    "@peculiar/json-schema" "^1.1.12"
    pvtsutils "^1.1.1"
    tslib "^2.0.3"
    webcrypto-core "^1.1.8"

"@types/asn1js@^2.0.0":
  version "2.0.0"
  resolved "https://registry.yarnpkg.com/@types/asn1js/-/asn1js-2.0.0.tgz#10ca75692575744d0117098148a8dc84cbee6682"
  integrity sha512-Jjzp5EqU0hNpADctc/UqhiFbY1y2MqIxBVa2S4dBlbnZHTLPMuggoL5q43X63LpsOIINRDirBjP56DUUKIUWIA==

addressparser@^0.3.2:
  version "0.3.2"
  resolved "https://registry.yarnpkg.com/addressparser/-/addressparser-0.3.2.tgz#59873f35e8fcf6c7361c10239261d76e15348bb2"
  integrity sha1-WYc/Nej89sc2HBAjkmHXbhU0i7I=

asn1js@^2.0.26:
  version "2.0.26"
  resolved "https://registry.yarnpkg.com/asn1js/-/asn1js-2.0.26.tgz#0a6d435000f556a96c6012969d9704d981b71251"
  integrity sha512-yG89F0j9B4B0MKIcFyWWxnpZPLaNTjCj4tkE3fjbAoo0qmpGw0PYYqSbX/4ebnd9Icn8ZgK4K1fvDyEtW1JYtQ==
  dependencies:
    pvutils latest

base64-js@^1.3.1:
  version "1.5.1"
  resolved "https://registry.yarnpkg.com/base64-js/-/base64-js-1.5.1.tgz#1b1b440160a5bf7ad40b650f095963481903930a"
  integrity sha512-AKpaYlHn8t4SVbOHCy+b5+KKgvR4vrsD8vbvrbiQJps7fKDTkjkDry6ji0rUJjC0kzbNePLwzxq8iypo41qeWA==

buffer@^5.4.3:
  version "5.7.1"
  resolved "https://registry.yarnpkg.com/buffer/-/buffer-5.7.1.tgz#ba62e7c13133053582197160851a8f648e99eed0"
  integrity sha512-EHcyIPBQ4BSGlvjB16k5KgAJ27CIsHY/2JBmCRReo48y9rQ3MaUzWX3KVlBa4U7MyX02HdVj0K7C3WaB3ju7FQ==
  dependencies:
    base64-js "^1.3.1"
    ieee754 "^1.1.13"

emailjs-base64@^1.1.4:
  version "1.1.4"
  resolved "https://registry.yarnpkg.com/emailjs-base64/-/emailjs-base64-1.1.4.tgz#392fa38cb6aa35dccd3af3637ffc14c1c7ce9612"
  integrity sha512-4h0xp1jgVTnIQBHxSJWXWanNnmuc5o+k4aHEpcLXSToN8asjB5qbXAexs7+PEsUKcEyBteNYsSvXUndYT2CGGA==

emailjs-mime-codec@^2.0.7:
  version "2.0.9"
  resolved "https://registry.yarnpkg.com/emailjs-mime-codec/-/emailjs-mime-codec-2.0.9.tgz#d184451b6f2e55c5868b0f0a82d18fe2b82f0c97"
  integrity sha512-7qJo4pFGcKlWh/kCeNjmcgj34YoJWY0ekZXEHYtluWg4MVBnXqGM4CRMtZQkfYwitOhUgaKN5EQktJddi/YIDQ==
  dependencies:
    emailjs-base64 "^1.1.4"
    ramda "^0.26.1"
    text-encoding "^0.7.0"

emailjs@^2.2.0:
  version "2.2.0"
  resolved "https://registry.yarnpkg.com/emailjs/-/emailjs-2.2.0.tgz#ba5b23e4a4b0a4510f652e873b154e9407b6ca03"
  integrity sha1-ulsj5KSwpFEPZS6HOxVOlAe2ygM=
  dependencies:
    addressparser "^0.3.2"
    emailjs-mime-codec "^2.0.7"

"griffin-core@file:../core":
  version "0.1.0"

"gun@github:amark/gun":
  version "0.2020.520"
  resolved "https://codeload.github.com/amark/gun/tar.gz/cb3f8600d9b78285c76265b5f95f7110b177cdba"
  dependencies:
    ws "^7.2.1"
  optionalDependencies:
    "@peculiar/webcrypto" "^1.1.1"
    buffer "^5.4.3"
    emailjs "^2.2.0"
    text-encoding "^0.7.0"

ieee754@^1.1.13:
  version "1.2.1"
  resolved "https://registry.yarnpkg.com/ieee754/-/ieee754-1.2.1.tgz#8eb7a10a63fff25d15a57b001586d177d1b0d352"
  integrity sha512-dcyqhDvX1C46lXZcVqCpK+FtMRQVdIMN6/Df5js2zouUsqG7I6sFxitIC+7KYK29KdXOLHdu9zL4sFnoVQnqaA==

pvtsutils@^1.0.11, pvtsutils@^1.1.1:
  version "1.1.1"
  resolved "https://registry.yarnpkg.com/pvtsutils/-/pvtsutils-1.1.1.tgz#22c2d7689139d2c36d7ef3ac3d5e29bcd818d38a"
  integrity sha512-Evbhe6L4Sxwu4SPLQ4LQZhgfWDQO3qa1lju9jM5cxsQp8vE10VipcSmo7hiJW48TmiHgVLgDtC2TL6/+ND+IVg==
  dependencies:
    tslib "^2.0.3"

pvutils@latest:
  version "1.0.17"
  resolved "https://registry.yarnpkg.com/pvutils/-/pvutils-1.0.17.tgz#ade3c74dfe7178944fe44806626bd2e249d996bf"
  integrity sha512-wLHYUQxWaXVQvKnwIDWFVKDJku9XDCvyhhxoq8dc5MFdIlRenyPI9eSfEtcvgHgD7FlvCyGAlWgOzRnZD99GZQ==

ramda@^0.26.1:
  version "0.26.1"
  resolved "https://registry.yarnpkg.com/ramda/-/ramda-0.26.1.tgz#8d41351eb8111c55353617fc3bbffad8e4d35d06"
  integrity sha512-hLWjpy7EnsDBb0p+Z3B7rPi3GDeRG5ZtiI33kJhTt+ORCd38AbAIjB/9zRIUoeTbE/AVX5ZkU7m6bznsvrf8eQ==

text-encoding@^0.7.0:
  version "0.7.0"
  resolved "https://registry.yarnpkg.com/text-encoding/-/text-encoding-0.7.0.tgz#f895e836e45990624086601798ea98e8f36ee643"
  integrity sha512-oJQ3f1hrOnbRLOcwKz0Liq2IcrvDeZRHXhd9RgLrsT+DjWY/nty1Hi7v3dtkaEYbPYe0mUoOfzRrMwfXXwgPUA==

tslib@^2.0.0, tslib@^2.0.1, tslib@^2.0.3:
  version "2.0.3"
  resolved "https://registry.yarnpkg.com/tslib/-/tslib-2.0.3.tgz#8e0741ac45fc0c226e58a17bfc3e64b9bc6ca61c"
  integrity sha512-uZtkfKblCEQtZKBF6EBXVZeQNl82yqtDQdv+eck8u7tdPxjLu2/lp5/uPW+um2tpuxINHWy3GhiccY7QgEaVHQ==

webcrypto-core@^1.1.8:
  version "1.1.8"
  resolved "https://registry.yarnpkg.com/webcrypto-core/-/webcrypto-core-1.1.8.tgz#91720c07f4f2edd181111b436647ea5a282af0a9"
  integrity sha512-hKnFXsqh0VloojNeTfrwFoRM4MnaWzH6vtXcaFcGjPEu+8HmBdQZnps3/2ikOFqS8bJN1RYr6mI2P/FJzyZnXg==
  dependencies:
    "@peculiar/asn1-schema" "^2.0.12"
    "@peculiar/json-schema" "^1.1.12"
    asn1js "^2.0.26"
    pvtsutils "^1.0.11"
    tslib "^2.0.1"

ws@^7.2.1:
  version "7.4.2"
  resolved "https://registry.yarnpkg.com/ws/-/ws-7.4.2.tgz#782100048e54eb36fe9843363ab1c68672b261dd"
  integrity sha512-T4tewALS3+qsrpGI/8dqNMLIVdq/g/85U98HPMa6F0m6xTbvhXU6RCQLqPH3+SlomNV/LdY6RXEbBpMH6EOJnA==
